
Microsoft Visual Studio Solution File, Format Version 12.00
# Visual Studio 15
Project("{FAE04EC0-301F-11D3-BF4B-00C04F79EFBC}") = "Boxophobic.PolyverseSkies.Runtime", "Boxophobic.PolyverseSkies.Runtime.csproj", "{888B5320-6C65-258D-4E35-FD4B50FC740D}"
EndProject
Project("{FAE04EC0-301F-11D3-BF4B-00C04F79EFBC}") = "Boxophobic.Utils.Scripts", "Boxophobic.Utils.Scripts.csproj", "{F24DC955-7E00-A49F-7FC0-AE22F81B9AAA}"
EndProject
Project("{FAE04EC0-301F-11D3-BF4B-00C04F79EFBC}") = "Assembly-CSharp", "Assembly-CSharp.csproj", "{501BD3FF-7F48-2366-810A-1677FF50E37F}"
EndProject
Project("{FAE04EC0-301F-11D3-BF4B-00C04F79EFBC}") = "Boxophobic.PolyverseSkies.Scripts", "Boxophobic.PolyverseSkies.Scripts.csproj", "{9316A515-437D-E204-88F6-B844EE12C371}"
EndProject
Project("{FAE04EC0-301F-11D3-BF4B-00C04F79EFBC}") = "Boxophobic.Utils.Editor", "Boxophobic.Utils.Editor.csproj", "{66B01580-B04D-FBB1-5B0E-18FC2471B813}"
EndProject
Project("{FAE04EC0-301F-11D3-BF4B-00C04F79EFBC}") = "Boxophobic.PolyverseSkies.Editor", "Boxophobic.PolyverseSkies.Editor.csproj", "{E21A4DF3-BE9B-CEE3-D467-2969FB9C18F9}"
EndProject
Global
	GlobalSection(SolutionConfigurationPlatforms) = preSolution
		Debug|Any CPU = Debug|Any CPU
		Release|Any CPU = Release|Any CPU
	EndGlobalSection
	GlobalSection(ProjectConfigurationPlatforms) = postSolution
		{888B5320-6C65-258D-4E35-FD4B50FC740D}.Debug|Any CPU.ActiveCfg = Debug|Any CPU
		{888B5320-6C65-258D-4E35-FD4B50FC740D}.Debug|Any CPU.Build.0 = Debug|Any CPU
		{888B5320-6C65-258D-4E35-FD4B50FC740D}.Release|Any CPU.ActiveCfg = Release|Any CPU
		{888B5320-6C65-258D-4E35-FD4B50FC740D}.Release|Any CPU.Build.0 = Release|Any CPU
		{F24DC955-7E00-A49F-7FC0-AE22F81B9AAA}.Debug|Any CPU.ActiveCfg = Debug|Any CPU
		{F24DC955-7E00-A49F-7FC0-AE22F81B9AAA}.Debug|Any CPU.Build.0 = Debug|Any CPU
		{F24DC955-7E00-A49F-7FC0-AE22F81B9AAA}.Release|Any CPU.ActiveCfg = Release|Any CPU
		{F24DC955-7E00-A49F-7FC0-AE22F81B9AAA}.Release|Any CPU.Build.0 = Release|Any CPU
		{501BD3FF-7F48-2366-810A-1677FF50E37F}.Debug|Any CPU.ActiveCfg = Debug|Any CPU
		{501BD3FF-7F48-2366-810A-1677FF50E37F}.Debug|Any CPU.Build.0 = Debug|Any CPU
		{501BD3FF-7F48-2366-810A-1677FF50E37F}.Release|Any CPU.ActiveCfg = Release|Any CPU
		{501BD3FF-7F48-2366-810A-1677FF50E37F}.Release|Any CPU.Build.0 = Release|Any CPU
		{9316A515-437D-E204-88F6-B844EE12C371}.Debug|Any CPU.ActiveCfg = Debug|Any CPU
		{9316A515-437D-E204-88F6-B844EE12C371}.Debug|Any CPU.Build.0 = Debug|Any CPU
		{9316A515-437D-E204-88F6-B844EE12C371}.Release|Any CPU.ActiveCfg = Release|Any CPU
		{9316A515-437D-E204-88F6-B844EE12C371}.Release|Any CPU.Build.0 = Release|Any CPU
		{66B01580-B04D-FBB1-5B0E-18FC2471B813}.Debug|Any CPU.ActiveCfg = Debug|Any CPU
		{66B01580-B04D-FBB1-5B0E-18FC2471B813}.Debug|Any CPU.Build.0 = Debug|Any CPU
		{66B01580-B04D-FBB1-5B0E-18FC2471B813}.Release|Any CPU.ActiveCfg = Release|Any CPU
		{66B01580-B04D-FBB1-5B0E-18FC2471B813}.Release|Any CPU.Build.0 = Release|Any CPU
		{E21A4DF3-BE9B-CEE3-D467-2969FB9C18F9}.Debug|Any CPU.ActiveCfg = Debug|Any CPU
		{E21A4DF3-BE9B-CEE3-D467-2969FB9C18F9}.Debug|Any CPU.Build.0 = Debug|Any CPU
		{E21A4DF3-BE9B-CEE3-D467-2969FB9C18F9}.Release|Any CPU.ActiveCfg = Release|Any CPU
		{E21A4DF3-BE9B-CEE3-D467-2969FB9C18F9}.Release|Any CPU.Build.0 = Release|Any CPU
	EndGlobalSection
	GlobalSection(SolutionProperties) = preSolution
		HideSolutionNode = FALSE
	EndGlobalSection
EndGlobal
